
Microsoft Visual Studio Solution File, Format Version 12.00
# Visual Studio Version 17
VisualStudioVersion = 17.0.31710.8
MinimumVisualStudioVersion = 10.0.40219.1
Project("{FAE04EC0-301F-11D3-BF4B-00C04F79EFBC}") = "TextureMixer", "TextureMixer\TextureMixer.csproj", "{0890732A-E096-4341-865B-8B69B0158CBD}"
EndProject
Project("{D954291E-2A0B-460D-934E-DC6B0785DB48}") = "NibbleCore", "NibbleCore\NibbleCore.shproj", "{53C00CB6-A20B-47AE-93DB-82A187F0D3CD}"
EndProject
Project("{FAE04EC0-301F-11D3-BF4B-00C04F79EFBC}") = "WPFModelViewer", "WPFModelViewer\WPFModelViewer.csproj", "{279AD081-59E7-4A87-9E0E-50EC81D87992}"
EndProject
Project("{9A19103F-16F7-4668-BE54-9A1E7A4F7556}") = "NibbleEditor", "NibbleEditor\NibbleEditor.csproj", "{1B7CCCC6-CCA6-4E87-B3C8-2B07DC6863B6}"
EndProject
Project("{9A19103F-16F7-4668-BE54-9A1E7A4F7556}") = "SimpleTextureRenderer", "SimpleTextureRenderer\SimpleTextureRenderer.csproj", "{D01A052E-DDAF-4895-8D16-545863C2C781}"
EndProject
Project("{9A19103F-16F7-4668-BE54-9A1E7A4F7556}") = "ViewerUnitTests", "ViewerUnitTests\ViewerUnitTests.csproj", "{4F7BDFC7-B030-4F1C-BCDA-CD9A61EF468A}"
EndProject
Project("{9A19103F-16F7-4668-BE54-9A1E7A4F7556}") = "NibbleNMSPlugin", "NMSPlugin\NibbleNMSPlugin.csproj", "{15C6FC13-8166-4B74-AED0-5F654BEB26F6}"
EndProject
Project("{9A19103F-16F7-4668-BE54-9A1E7A4F7556}") = "NibbleAssimpPlugin", "NibbleAssimpPlugin\NibbleAssimpPlugin.csproj", "{D0D5D3D7-F2BE-4286-8D96-BBF69E2C76FA}"
EndProject
Project("{9A19103F-16F7-4668-BE54-9A1E7A4F7556}") = "Nibble", "Nibble\Nibble.csproj", "{8EC54636-F7D7-4213-80BD-46ECB25210EC}"
EndProject
Project("{FAE04EC0-301F-11D3-BF4B-00C04F79EFBC}") = "NibbleOBJPlugin", "NibbleOBJPlugin\NibbleOBJPlugin.csproj", "{33FBA2C8-948E-423F-B1AE-F54321DDCA1D}"
EndProject
Global
	GlobalSection(SharedMSBuildProjectFiles) = preSolution
		NibbleCore\NibbleCore.projitems*{0890732a-e096-4341-865b-8b69b0158cbd}*SharedItemsImports = 4
		NibbleCore\NibbleCore.projitems*{279ad081-59e7-4a87-9e0e-50ec81d87992}*SharedItemsImports = 4
		NibbleCore\NibbleCore.projitems*{4f7bdfc7-b030-4f1c-bcda-cd9a61ef468a}*SharedItemsImports = 5
		NibbleCore\NibbleCore.projitems*{53c00cb6-a20b-47ae-93db-82a187f0d3cd}*SharedItemsImports = 13
		NibbleCore\NibbleCore.projitems*{8ec54636-f7d7-4213-80bd-46ecb25210ec}*SharedItemsImports = 5
	EndGlobalSection
	GlobalSection(SolutionConfigurationPlatforms) = preSolution
		Debug|Any CPU = Debug|Any CPU
		Release|Any CPU = Release|Any CPU
	EndGlobalSection
	GlobalSection(ProjectConfigurationPlatforms) = postSolution
		{0890732A-E096-4341-865B-8B69B0158CBD}.Debug|Any CPU.ActiveCfg = Debug|Any CPU
		{0890732A-E096-4341-865B-8B69B0158CBD}.Release|Any CPU.ActiveCfg = Release|Any CPU
		{0890732A-E096-4341-865B-8B69B0158CBD}.Release|Any CPU.Build.0 = Release|Any CPU
		{279AD081-59E7-4A87-9E0E-50EC81D87992}.Debug|Any CPU.ActiveCfg = Debug|Any CPU
		{279AD081-59E7-4A87-9E0E-50EC81D87992}.Release|Any CPU.ActiveCfg = Release|Any CPU
		{279AD081-59E7-4A87-9E0E-50EC81D87992}.Release|Any CPU.Build.0 = Release|Any CPU
		{1B7CCCC6-CCA6-4E87-B3C8-2B07DC6863B6}.Debug|Any CPU.ActiveCfg = Debug|Any CPU
		{1B7CCCC6-CCA6-4E87-B3C8-2B07DC6863B6}.Debug|Any CPU.Build.0 = Debug|Any CPU
		{1B7CCCC6-CCA6-4E87-B3C8-2B07DC6863B6}.Release|Any CPU.ActiveCfg = Release|Any CPU
		{1B7CCCC6-CCA6-4E87-B3C8-2B07DC6863B6}.Release|Any CPU.Build.0 = Release|Any CPU
		{D01A052E-DDAF-4895-8D16-545863C2C781}.Debug|Any CPU.ActiveCfg = Debug|Any CPU
		{D01A052E-DDAF-4895-8D16-545863C2C781}.Debug|Any CPU.Build.0 = Debug|Any CPU
		{D01A052E-DDAF-4895-8D16-545863C2C781}.Release|Any CPU.ActiveCfg = Release|Any CPU
		{D01A052E-DDAF-4895-8D16-545863C2C781}.Release|Any CPU.Build.0 = Release|Any CPU
		{4F7BDFC7-B030-4F1C-BCDA-CD9A61EF468A}.Debug|Any CPU.ActiveCfg = Debug|Any CPU
		{4F7BDFC7-B030-4F1C-BCDA-CD9A61EF468A}.Debug|Any CPU.Build.0 = Debug|Any CPU
		{4F7BDFC7-B030-4F1C-BCDA-CD9A61EF468A}.Release|Any CPU.ActiveCfg = Release|Any CPU
		{4F7BDFC7-B030-4F1C-BCDA-CD9A61EF468A}.Release|Any CPU.Build.0 = Release|Any CPU
		{15C6FC13-8166-4B74-AED0-5F654BEB26F6}.Debug|Any CPU.ActiveCfg = Debug|Any CPU
		{15C6FC13-8166-4B74-AED0-5F654BEB26F6}.Debug|Any CPU.Build.0 = Debug|Any CPU
		{15C6FC13-8166-4B74-AED0-5F654BEB26F6}.Release|Any CPU.ActiveCfg = Release|Any CPU
		{15C6FC13-8166-4B74-AED0-5F654BEB26F6}.Release|Any CPU.Build.0 = Release|Any CPU
		{D0D5D3D7-F2BE-4286-8D96-BBF69E2C76FA}.Debug|Any CPU.ActiveCfg = Debug|Any CPU
		{D0D5D3D7-F2BE-4286-8D96-BBF69E2C76FA}.Debug|Any CPU.Build.0 = Debug|Any CPU
		{D0D5D3D7-F2BE-4286-8D96-BBF69E2C76FA}.Release|Any CPU.ActiveCfg = Release|Any CPU
		{D0D5D3D7-F2BE-4286-8D96-BBF69E2C76FA}.Release|Any CPU.Build.0 = Release|Any CPU
		{8EC54636-F7D7-4213-80BD-46ECB25210EC}.Debug|Any CPU.ActiveCfg = Debug|Any CPU
		{8EC54636-F7D7-4213-80BD-46ECB25210EC}.Debug|Any CPU.Build.0 = Debug|Any CPU
		{8EC54636-F7D7-4213-80BD-46ECB25210EC}.Release|Any CPU.ActiveCfg = Release|Any CPU
		{8EC54636-F7D7-4213-80BD-46ECB25210EC}.Release|Any CPU.Build.0 = Release|Any CPU
		{33FBA2C8-948E-423F-B1AE-F54321DDCA1D}.Debug|Any CPU.ActiveCfg = Debug|Any CPU
		{33FBA2C8-948E-423F-B1AE-F54321DDCA1D}.Debug|Any CPU.Build.0 = Debug|Any CPU
		{33FBA2C8-948E-423F-B1AE-F54321DDCA1D}.Release|Any CPU.ActiveCfg = Release|Any CPU
		{33FBA2C8-948E-423F-B1AE-F54321DDCA1D}.Release|Any CPU.Build.0 = Release|Any CPU
	EndGlobalSection
	GlobalSection(SolutionProperties) = preSolution
		HideSolutionNode = FALSE
	EndGlobalSection
	GlobalSection(ExtensibilityGlobals) = postSolution
		SolutionGuid = {8BBEF99E-39F7-4C58-A631-4A09744EBB0A}
	EndGlobalSection
EndGlobal
